
Microsoft Visual Studio Solution File, Format Version 11.00
# Visual Studio 2010
Project("{FAE04EC0-301F-11D3-BF4B-00C04F79EFBC}") = "After scoring there is a delay before game continues", "Assembly-CSharp.csproj", "{DB61CA0B-C0DF-136D-5F13-D164EA4932C1}"
EndProject
Global
	GlobalSection(SolutionConfigurationPlatforms) = preSolution
		Debug|Any CPU = Debug|Any CPU
		Release|Any CPU = Release|Any CPU
	EndGlobalSection
	GlobalSection(ProjectConfigurationPlatforms) = postSolution
		{DB61CA0B-C0DF-136D-5F13-D164EA4932C1}.Debug|Any CPU.ActiveCfg = Debug|Any CPU
		{DB61CA0B-C0DF-136D-5F13-D164EA4932C1}.Debug|Any CPU.Build.0 = Debug|Any CPU
		{DB61CA0B-C0DF-136D-5F13-D164EA4932C1}.Release|Any CPU.ActiveCfg = Release|Any CPU
		{DB61CA0B-C0DF-136D-5F13-D164EA4932C1}.Release|Any CPU.Build.0 = Release|Any CPU
	EndGlobalSection
	GlobalSection(SolutionProperties) = preSolution
		HideSolutionNode = FALSE
	EndGlobalSection
	GlobalSection(MonoDevelopProperties) = preSolution
		StartupItem = Assembly-CSharp.csproj
	EndGlobalSection
EndGlobal
