
Microsoft Visual Studio Solution File, Format Version 11.00
# Visual Studio 2010
Project("{FAE04EC0-301F-11D3-BF4B-00C04F79EFBC}") = "Ping Pong 3-Level 1,2,3 working with Score", "Assembly-CSharp.csproj", "{0FBDAAED-5906-2165-8105-584F28630919}"
EndProject
Global
	GlobalSection(SolutionConfigurationPlatforms) = preSolution
		Debug|Any CPU = Debug|Any CPU
		Release|Any CPU = Release|Any CPU
	EndGlobalSection
	GlobalSection(ProjectConfigurationPlatforms) = postSolution
		{0FBDAAED-5906-2165-8105-584F28630919}.Debug|Any CPU.ActiveCfg = Debug|Any CPU
		{0FBDAAED-5906-2165-8105-584F28630919}.Debug|Any CPU.Build.0 = Debug|Any CPU
		{0FBDAAED-5906-2165-8105-584F28630919}.Release|Any CPU.ActiveCfg = Release|Any CPU
		{0FBDAAED-5906-2165-8105-584F28630919}.Release|Any CPU.Build.0 = Release|Any CPU
	EndGlobalSection
	GlobalSection(SolutionProperties) = preSolution
		HideSolutionNode = FALSE
	EndGlobalSection
	GlobalSection(MonoDevelopProperties) = preSolution
		StartupItem = Assembly-CSharp.csproj
	EndGlobalSection
EndGlobal
